{
    "_meta": {
        "hash": {
            "sha256": "1705828ed41223e87eff470cdfb947b1caf8befab85c726119f0bbcafe35ca1b"
        },
        "pipfile-spec": 6,
        "requires": {
            "python_version": "3.7"
        },
        "sources": [
            {
                "name": "pypi",
                "url": "https://pypi.org/simple",
                "verify_ssl": true
            }
        ]
    },
    "default": {
        "aiocron": {
            "hashes": [],
            "version": "==1.8"
        },
        "aiohttp": {
            "hashes": [],
            "version": "==3.8.4"
        },
        "alembic": {
            "hashes": [],
            "version": "==1.11.1"
        },
        "argh": {
            "hashes": [
                "sha256:a9b3aaa1904eeb78e32394cd46c6f37ac0fb4af6dc488daa58971bdc7d7fcaf3",
                "sha256:e9535b8c84dc9571a48999094fda7f33e63c3f1b74f3e5f3ac0105a58405bb65"
            ],
            "version": "==0.26.2"
        },
        "async-timeout": {
            "hashes": [],
            "version": "==4.0.2"
        },
        "attrs": {
            "hashes": [],
            "version": "==22.1.0"
        },
        "chardet": {
            "hashes": [],
            "version": "==5.0.0"
        },
        "croniter": {
            "hashes": [],
            "version": "==1.3.5"
        },
        "dataset": {
            "hashes": [],
            "version": "==1.5.2"
        },
        "docopt": {
            "hashes": [
                "sha256:49b3a825280bd66b3aa83585ef59c4a8c82f2c8a522dbe754a8bc8d08c85c491"
            ],
            "version": "==0.6.2"
        },
        "idna": {
            "hashes": [],
            "version": "==3.3"
        },
        "irc3": {
            "hashes": [],
            "version": "==1.1.8"
        },
        "lxml": {
            "hashes": [],
            "version": "==4.9.1"
        },
        "mako": {
            "hashes": [],
            "version": "==1.2.2"
        },
        "markupsafe": {
            "hashes": [],
            "version": "==2.1.1"
        },
        "multidict": {
            "hashes": [],
            "version": "==6.0.2"
        },
        "pathtools": {
            "hashes": [
                "sha256:7c35c5421a39bb82e58018febd90e3b6e5db34c5443aaaf742b3f33d4655f1c0"
            ],
            "version": "==0.1.2"
        },
        "polib": {
            "hashes": [
                "sha256:d3ee85e0c6788f789353416b1612c6c92d75fe6ccfac0029711974d6abd0f86d",
                "sha256:e02c355ae5e054912e3b0d16febc56510eff7e49d60bf22aecb463bd2f2a2dfa"
            ],
            "version": "==1.1.1"
        },
        "python-dateutil": {
            "hashes": [],
            "version": "==2.8.2"
        },
        "python-decouple": {
            "hashes": [],
            "version": "==3.6"
        },
        "python-editor": {
            "hashes": [
                "sha256:1bf6e860a8ad52a14c3ee1252d5dc25b2030618ed80c022598f00176adc8367d",
                "sha256:51fda6bcc5ddbbb7063b2af7509e43bd84bfc32a4ff71349ec7847713882327b",
                "sha256:5f98b069316ea1c2ed3f67e7f5df6c0d8f10b689964a4a811ff64f0106819ec8"
            ],
            "version": "==1.0.4"
        },
        "pytz": {
            "hashes": [],
            "version": "==2022.2.1"
        },
        "pyyaml": {
            "hashes": [],
            "version": "==6.0"
        },
        "six": {
            "hashes": [],
            "version": "==1.16.0"
        },
        "sqlalchemy": {
            "hashes": [],
            "version": "==1.4.40"
        },
        "tzlocal": {
            "hashes": [],
            "version": "==4.2"
        },
        "venusian": {
            "hashes": [
                "sha256:06e7385786ad3a15c70740b2af8d30dfb063a946a851dcb4159f9e2a2302578f",
                "sha256:f6842b7242b1039c0c28f6feef29016e7e7dd3caaeb476a193acf737db31ee38"
            ],
            "version": "==3.0.0"
        },
        "watchdog": {
            "hashes": [],
            "version": "==2.1.9"
        },
        "yarl": {
            "hashes": [],
            "version": "==1.8.1"
        }
    },
    "develop": {
        "appnope": {
            "hashes": [],
            "version": "==0.1.3"
        },
        "aspy.yaml": {
            "hashes": [
                "sha256:463372c043f70160a9ec950c3f1e4c3a82db5fca01d334b6bc89c7164d744bdc",
                "sha256:e7c742382eff2caed61f87a39d13f99109088e5e93f04d76eb8d4b28aa143f45"
            ],
            "version": "==1.3.0"
        },
        "asynctest": {
            "hashes": [
                "sha256:5da6118a7e6d6b54d83a8f7197769d046922a44d2a99c21382f0a6e4fadae676",
                "sha256:c27862842d15d83e6a34eb0b2866c323880eb3a75e4485b079ea11748fd77fac"
            ],
            "index": "pypi",
            "version": "==0.13.0"
        },
        "atomicwrites": {
            "hashes": [],
            "version": "==1.4.1"
        },
        "attrs": {
            "hashes": [],
            "version": "==22.1.0"
        },
        "backcall": {
            "hashes": [
                "sha256:5cbdbf27be5e7cfadb448baf0aa95508f91f2bbc6c6437cd9cd06e2a4c215e1e",
                "sha256:fbbce6a29f263178a1f7915c1940bde0ec2b2a967566fe1c65c1dfb7422bd255"
            ],
            "version": "==0.2.0"
        },
        "certifi": {
            "hashes": [],
            "version": "==2022.6.15"
        },
        "cfgv": {
            "hashes": [],
            "version": "==3.3.1"
        },
        "chardet": {
            "hashes": [],
            "version": "==5.0.0"
        },
        "codecov": {
            "hashes": [],
            "version": "==2.1.12"
        },
        "coverage": {
            "hashes": [],
            "version": "==6.4.4"
        },
        "decorator": {
            "hashes": [],
            "version": "==5.1.1"
        },
        "entrypoints": {
            "hashes": [],
            "version": "==0.4"
        },
        "flake8": {
            "hashes": [],
            "version": "==5.0.4"
        },
        "identify": {
            "hashes": [],
            "version": "==2.5.3"
        },
        "idna": {
            "hashes": [],
            "version": "==3.3"
        },
        "importlib-metadata": {
            "hashes": [],
            "version": "==4.12.0"
        },
        "ipdb": {
            "hashes": [],
            "version": "==0.13.9"
        },
        "ipython": {
            "hashes": [],
            "version": "==8.4.0"
        },
        "ipython-genutils": {
            "hashes": [
                "sha256:72dd37233799e619666c9f639a9da83c34013a73e8bbc79a7a6348d93c61fab8",
                "sha256:eb2e116e75ecef9d4d228fdc66af54269afa26ab4463042e33785b887c628ba8"
            ],
            "version": "==0.2.0"
        },
        "jedi": {
            "hashes": [],
            "version": "==0.18.1"
        },
        "mccabe": {
            "hashes": [],
            "version": "==0.7.0"
        },
        "more-itertools": {
            "hashes": [],
            "version": "==8.14.0"
        },
        "nodeenv": {
            "hashes": [],
            "version": "==1.7.0"
        },
        "packaging": {
            "hashes": [],
            "version": "==21.3"
        },
        "parso": {
            "hashes": [],
            "version": "==0.8.3"
        },
        "pexpect": {
            "hashes": [
                "sha256:0b48a55dcb3c05f3329815901ea4fc1537514d6ba867a152b581d69ae3710937",
                "sha256:fc65a43959d153d0114afe13997d439c22823a27cefceb5ff35c2178c6784c0c"
            ],
            "version": "==4.8.0"
        },
        "pickleshare": {
            "hashes": [
                "sha256:87683d47965c1da65cdacaf31c8441d12b8044cdec9aca500cd78fc2c683afca",
                "sha256:9649af414d74d4df115d5d718f82acb59c9d418196b7b4290ed47a12ce62df56"
            ],
            "version": "==0.7.5"
        },
        "pluggy": {
            "hashes": [],
            "version": "==1.0.0"
        },
        "pre-commit": {
            "hashes": [],
            "version": "==2.20.0"
        },
        "prompt-toolkit": {
            "hashes": [],
            "version": "==3.0.30"
        },
        "ptyprocess": {
            "hashes": [
                "sha256:4b41f3967fce3af57cc7e94b888626c18bf37a083e3651ca8feeb66d492fef35",
                "sha256:5c5d0a3b48ceee0b48485e0c26037c0acd7d29765ca3fbb5cb3831d347423220"
            ],
            "version": "==0.7.0"
        },
        "py": {
            "hashes": [],
            "version": "==1.11.0"
        },
        "pycodestyle": {
            "hashes": [],
            "version": "==2.9.1"
        },
        "pyflakes": {
            "hashes": [],
            "version": "==2.5.0"
        },
        "pygments": {
            "hashes": [],
            "version": "==2.13.0"
        },
        "pyparsing": {
            "hashes": [],
            "version": "==3.0.9"
        },
        "pytest": {
            "hashes": [],
            "version": "==7.1.2"
        },
        "pytest-cov": {
            "hashes": [],
            "version": "==3.0.0"
        },
        "pyyaml": {
            "hashes": [],
            "version": "==6.0"
        },
        "requests": {
            "hashes": [],
            "version": "==2.28.1"
        },
        "six": {
            "hashes": [],
            "version": "==1.16.0"
        },
        "toml": {
            "hashes": [
                "sha256:806143ae5bfb6a3c6e736a764057db0e6a0e05e338b5630894a5f779cabb4f9b",
                "sha256:b3bda1d108d5dd99f4a20d24d9c348e91c4db7ab1b749200bded2f839ccbe68f"
            ],
            "version": "==0.10.2"
        },
        "traitlets": {
            "hashes": [],
            "version": "==5.3.0"
        },
        "urllib3": {
            "hashes": [],
            "version": "==1.26.12"
        },
        "virtualenv": {
            "hashes": [],
            "version": "==20.16.4"
        },
        "wcwidth": {
            "hashes": [
                "sha256:beb4802a9cebb9144e99086eff703a642a13d6a0052920003a230f3294bbe784",
                "sha256:c4d647b99872929fdb7bdcaa4fbe7f01413ed3d98077df798530e5b04f116c83"
            ],
            "version": "==0.2.5"
        },
        "zipp": {
            "hashes": [],
            "version": "==3.8.1"
        }
    }
}
